
Microsoft Visual Studio Solution File, Format Version 12.00
# Visual Studio Version 16
VisualStudioVersion = 16.6.30114.105
MinimumVisualStudioVersion = 10.0.40219.1
Project("{2150E333-8FDC-42A3-9474-1A3956D46DE8}") = "src", "src", "{E87F51DD-D57F-4B66-8DCC-DA59D42C50C8}"
EndProject
Project("{F2A71F9B-5D33-465A-A702-920D77279786}") = "LanguageFeatures", "src\LanguageFeatures\LanguageFeatures.fsproj", "{4DD98B83-713E-425A-A13D-D22DE291F478}"
EndProject
Project("{2150E333-8FDC-42A3-9474-1A3956D46DE8}") = "ElmishExercise", "ElmishExercise", "{A350D87D-A0DB-4172-A1A9-1B27B7A7B2F4}"
EndProject
Project("{F2A71F9B-5D33-465A-A702-920D77279786}") = "ElmishExercise", "src\ElmishExercise\fsharp\ElmishExercise.fsproj", "{AE740835-0ED1-48AA-9946-8ED1FBA68EFB}"
EndProject
Global
	GlobalSection(SolutionConfigurationPlatforms) = preSolution
		Debug|Any CPU = Debug|Any CPU
		Debug|x64 = Debug|x64
		Debug|x86 = Debug|x86
		Release|Any CPU = Release|Any CPU
		Release|x64 = Release|x64
		Release|x86 = Release|x86
	EndGlobalSection
	GlobalSection(SolutionProperties) = preSolution
		HideSolutionNode = FALSE
	EndGlobalSection
	GlobalSection(ProjectConfigurationPlatforms) = postSolution
		{4DD98B83-713E-425A-A13D-D22DE291F478}.Debug|Any CPU.ActiveCfg = Debug|Any CPU
		{4DD98B83-713E-425A-A13D-D22DE291F478}.Debug|Any CPU.Build.0 = Debug|Any CPU
		{4DD98B83-713E-425A-A13D-D22DE291F478}.Debug|x64.ActiveCfg = Debug|Any CPU
		{4DD98B83-713E-425A-A13D-D22DE291F478}.Debug|x64.Build.0 = Debug|Any CPU
		{4DD98B83-713E-425A-A13D-D22DE291F478}.Debug|x86.ActiveCfg = Debug|Any CPU
		{4DD98B83-713E-425A-A13D-D22DE291F478}.Debug|x86.Build.0 = Debug|Any CPU
		{4DD98B83-713E-425A-A13D-D22DE291F478}.Release|Any CPU.ActiveCfg = Release|Any CPU
		{4DD98B83-713E-425A-A13D-D22DE291F478}.Release|Any CPU.Build.0 = Release|Any CPU
		{4DD98B83-713E-425A-A13D-D22DE291F478}.Release|x64.ActiveCfg = Release|Any CPU
		{4DD98B83-713E-425A-A13D-D22DE291F478}.Release|x64.Build.0 = Release|Any CPU
		{4DD98B83-713E-425A-A13D-D22DE291F478}.Release|x86.ActiveCfg = Release|Any CPU
		{4DD98B83-713E-425A-A13D-D22DE291F478}.Release|x86.Build.0 = Release|Any CPU
		{AE740835-0ED1-48AA-9946-8ED1FBA68EFB}.Debug|Any CPU.ActiveCfg = Debug|Any CPU
		{AE740835-0ED1-48AA-9946-8ED1FBA68EFB}.Debug|Any CPU.Build.0 = Debug|Any CPU
		{AE740835-0ED1-48AA-9946-8ED1FBA68EFB}.Debug|x64.ActiveCfg = Debug|Any CPU
		{AE740835-0ED1-48AA-9946-8ED1FBA68EFB}.Debug|x64.Build.0 = Debug|Any CPU
		{AE740835-0ED1-48AA-9946-8ED1FBA68EFB}.Debug|x86.ActiveCfg = Debug|Any CPU
		{AE740835-0ED1-48AA-9946-8ED1FBA68EFB}.Debug|x86.Build.0 = Debug|Any CPU
		{AE740835-0ED1-48AA-9946-8ED1FBA68EFB}.Release|Any CPU.ActiveCfg = Release|Any CPU
		{AE740835-0ED1-48AA-9946-8ED1FBA68EFB}.Release|Any CPU.Build.0 = Release|Any CPU
		{AE740835-0ED1-48AA-9946-8ED1FBA68EFB}.Release|x64.ActiveCfg = Release|Any CPU
		{AE740835-0ED1-48AA-9946-8ED1FBA68EFB}.Release|x64.Build.0 = Release|Any CPU
		{AE740835-0ED1-48AA-9946-8ED1FBA68EFB}.Release|x86.ActiveCfg = Release|Any CPU
		{AE740835-0ED1-48AA-9946-8ED1FBA68EFB}.Release|x86.Build.0 = Release|Any CPU
	EndGlobalSection
	GlobalSection(NestedProjects) = preSolution
		{4DD98B83-713E-425A-A13D-D22DE291F478} = {E87F51DD-D57F-4B66-8DCC-DA59D42C50C8}
		{A350D87D-A0DB-4172-A1A9-1B27B7A7B2F4} = {E87F51DD-D57F-4B66-8DCC-DA59D42C50C8}
		{AE740835-0ED1-48AA-9946-8ED1FBA68EFB} = {A350D87D-A0DB-4172-A1A9-1B27B7A7B2F4}
	EndGlobalSection
EndGlobal
